<Solution>
  <Folder Name="/src/">
    <Project Path="src/Agent.Worker/Agent.Worker.csproj" />
    <Project Path="src/Application/Application.csproj" />
    <Project Path="src/Contracts/Contracts.csproj" />
    <Project Path="src/Domain/Domain.csproj" />
    <Project Path="src/Infrastructure/Infrastructure.csproj" />
    <Project Path="src/Server.Api/Server.Api.csproj" />
  </Folder>
  <Folder Name="/tests/">
    <Project Path="tests/Domain.Tests/Domain.Tests.csproj" />
  </Folder>
</Solution>
